
Microsoft Visual Studio Solution File, Format Version 12.00
# Visual Studio Version 17
VisualStudioVersion = 17.2.32616.157
MinimumVisualStudioVersion = 10.0.40219.1
Project("{FAE04EC0-301F-11D3-BF4B-00C04F79EFBC}") = "C-sharp-day-two", "C-sharp-day-two\C-sharp-day-two.csproj", "{90CD0392-C995-491D-9132-61B653F836DB}"
EndProject
Global
	GlobalSection(SolutionConfigurationPlatforms) = preSolution
		Debug|Any CPU = Debug|Any CPU
		Release|Any CPU = Release|Any CPU
	EndGlobalSection
	GlobalSection(ProjectConfigurationPlatforms) = postSolution
		{90CD0392-C995-491D-9132-61B653F836DB}.Debug|Any CPU.ActiveCfg = Debug|Any CPU
		{90CD0392-C995-491D-9132-61B653F836DB}.Debug|Any CPU.Build.0 = Debug|Any CPU
		{90CD0392-C995-491D-9132-61B653F836DB}.Release|Any CPU.ActiveCfg = Release|Any CPU
		{90CD0392-C995-491D-9132-61B653F836DB}.Release|Any CPU.Build.0 = Release|Any CPU
	EndGlobalSection
	GlobalSection(SolutionProperties) = preSolution
		HideSolutionNode = FALSE
	EndGlobalSection
	GlobalSection(ExtensibilityGlobals) = postSolution
		SolutionGuid = {41607486-441D-4A27-B264-A2EA46911B37}
	EndGlobalSection
EndGlobal
